<Project ToolsVersion="4.0" xmlns="http://schemas.microsoft.com/developer/msbuild/2003">
  <ItemGroup>
    <ClCompile Include="src\WinMain.cpp" />
    <ClCompile Include="src\app\App.cpp" />
    <ClCompile Include="src\editor\EditorView.cpp" />
  </ItemGroup>
  <ItemGroup>
    <ClInclude Include="src\app\App.h" />
    <ClInclude Include="src\editor\EditorView.h" />
  </ItemGroup>
</Project>
