<Project ToolsVersion="4.0" xmlns="http://schemas.microsoft.com/developer/msbuild/2003">
  <ItemGroup>
    <ClCompile Include="src\WinMain.cpp" />
    <ClCompile Include="src\app\App.cpp" />
    <ClCompile Include="src\app\MusicEngineHost.cpp" />
    <ClCompile Include="src\editor\EditorView.cpp" />
  </ItemGroup>
  <ItemGroup>
    <ClInclude Include="src\app\App.h" />
    <ClInclude Include="src\app\CommandIds.h" />
    <ClInclude Include="src\app\MusicEngineHost.h" />
    <ClInclude Include="src\editor\EditorView.h" />
  </ItemGroup>
  <ItemGroup>
    <None Include="VisualScripts\text_visuals.json" />
    <None Include="VisualScripts\syntax_colors.json" />
    <None Include="VisualScripts\theme_dark.json" />
  </ItemGroup>
</Project>
