
Microsoft Visual Studio Solution File, Format Version 12.00
# Visual Studio Version 17
VisualStudioVersion = 17.0.31903.59
MinimumVisualStudioVersion = 10.0.40219.1
Project("{FAE04EC0-301F-11D3-BF4B-00C04F79EFBC}") = "EditorApp", "EditorApp\EditorApp.csproj", "{5077D785-26A9-45B1-BD95-5824AC65B23E}"
EndProject
Project("{FAE04EC0-301F-11D3-BF4B-00C04F79EFBC}") = "MusicEngine", "..\MusicEngine\MusicEngine.csproj", "{67962910-9804-4314-B080-55C1066B78EB}"
EndProject
Global
	GlobalSection(SolutionConfigurationPlatforms) = preSolution
		Debug|Any CPU = Debug|Any CPU
		Debug|x64 = Debug|x64
		Debug|x86 = Debug|x86
		Release|Any CPU = Release|Any CPU
		Release|x64 = Release|x64
		Release|x86 = Release|x86
	EndGlobalSection
	GlobalSection(ProjectConfigurationPlatforms) = postSolution
		{5077D785-26A9-45B1-BD95-5824AC65B23E}.Debug|Any CPU.ActiveCfg = Debug|Any CPU
		{5077D785-26A9-45B1-BD95-5824AC65B23E}.Debug|Any CPU.Build.0 = Debug|Any CPU
		{5077D785-26A9-45B1-BD95-5824AC65B23E}.Debug|x64.ActiveCfg = Debug|Any CPU
		{5077D785-26A9-45B1-BD95-5824AC65B23E}.Debug|x64.Build.0 = Debug|Any CPU
		{5077D785-26A9-45B1-BD95-5824AC65B23E}.Debug|x86.ActiveCfg = Debug|Any CPU
		{5077D785-26A9-45B1-BD95-5824AC65B23E}.Debug|x86.Build.0 = Debug|Any CPU
		{5077D785-26A9-45B1-BD95-5824AC65B23E}.Release|Any CPU.ActiveCfg = Release|Any CPU
		{5077D785-26A9-45B1-BD95-5824AC65B23E}.Release|Any CPU.Build.0 = Release|Any CPU
		{5077D785-26A9-45B1-BD95-5824AC65B23E}.Release|x64.ActiveCfg = Release|Any CPU
		{5077D785-26A9-45B1-BD95-5824AC65B23E}.Release|x64.Build.0 = Release|Any CPU
		{5077D785-26A9-45B1-BD95-5824AC65B23E}.Release|x86.ActiveCfg = Release|Any CPU
		{5077D785-26A9-45B1-BD95-5824AC65B23E}.Release|x86.Build.0 = Release|Any CPU
		{67962910-9804-4314-B080-55C1066B78EB}.Debug|Any CPU.ActiveCfg = Debug|Any CPU
		{67962910-9804-4314-B080-55C1066B78EB}.Debug|Any CPU.Build.0 = Debug|Any CPU
		{67962910-9804-4314-B080-55C1066B78EB}.Debug|x64.ActiveCfg = Debug|Any CPU
		{67962910-9804-4314-B080-55C1066B78EB}.Debug|x64.Build.0 = Debug|Any CPU
		{67962910-9804-4314-B080-55C1066B78EB}.Debug|x86.ActiveCfg = Debug|Any CPU
		{67962910-9804-4314-B080-55C1066B78EB}.Debug|x86.Build.0 = Debug|Any CPU
		{67962910-9804-4314-B080-55C1066B78EB}.Release|Any CPU.ActiveCfg = Release|Any CPU
		{67962910-9804-4314-B080-55C1066B78EB}.Release|Any CPU.Build.0 = Release|Any CPU
		{67962910-9804-4314-B080-55C1066B78EB}.Release|x64.ActiveCfg = Release|Any CPU
		{67962910-9804-4314-B080-55C1066B78EB}.Release|x64.Build.0 = Release|Any CPU
		{67962910-9804-4314-B080-55C1066B78EB}.Release|x86.ActiveCfg = Release|Any CPU
		{67962910-9804-4314-B080-55C1066B78EB}.Release|x86.Build.0 = Release|Any CPU
	EndGlobalSection
	GlobalSection(SolutionProperties) = preSolution
		HideSolutionNode = FALSE
	EndGlobalSection
EndGlobal
